// !$*UTF8*$!
{
	archiveVersion = 1;
	classes = {
	};
	objectVersion = 56;
	objects = {

/* Begin PBXBuildFile section */
		AA000201000000000000001 /* ShowUpApp.swift in Sources */ = {isa = PBXBuildFile; fileRef = AA000101000000000000001 /* ShowUpApp.swift */; };
		AA000202000000000000001 /* ShowUpTask.swift in Sources */ = {isa = PBXBuildFile; fileRef = AA000102000000000000001 /* ShowUpTask.swift */; };
		AA000203000000000000001 /* LocationRecord.swift in Sources */ = {isa = PBXBuildFile; fileRef = AA000103000000000000001 /* LocationRecord.swift */; };
		AA000204000000000000001 /* StreakRecord.swift in Sources */ = {isa = PBXBuildFile; fileRef = AA000104000000000000001 /* StreakRecord.swift */; };
		AA000205000000000000001 /* ContentView.swift in Sources */ = {isa = PBXBuildFile; fileRef = AA000105000000000000001 /* ContentView.swift */; };
		AA000206000000000000001 /* TaskListView.swift in Sources */ = {isa = PBXBuildFile; fileRef = AA000106000000000000001 /* TaskListView.swift */; };
		AA000207000000000000001 /* AddTaskView.swift in Sources */ = {isa = PBXBuildFile; fileRef = AA000107000000000000001 /* AddTaskView.swift */; };
		AA000208000000000000001 /* TaskDetailView.swift in Sources */ = {isa = PBXBuildFile; fileRef = AA000108000000000000001 /* TaskDetailView.swift */; };
		AA000209000000000000001 /* MapOverviewView.swift in Sources */ = {isa = PBXBuildFile; fileRef = AA000109000000000000001 /* MapOverviewView.swift */; };
		AA00020A000000000000001 /* HistoryView.swift in Sources */ = {isa = PBXBuildFile; fileRef = AA00010A000000000000001 /* HistoryView.swift */; };
		AA00020B000000000000001 /* SettingsView.swift in Sources */ = {isa = PBXBuildFile; fileRef = AA00010B000000000000001 /* SettingsView.swift */; };
		AA00020C000000000000001 /* TaskViewModel.swift in Sources */ = {isa = PBXBuildFile; fileRef = AA00010C000000000000001 /* TaskViewModel.swift */; };
		AA00020D000000000000001 /* LocationManager.swift in Sources */ = {isa = PBXBuildFile; fileRef = AA00010D000000000000001 /* LocationManager.swift */; };
		AA00020E000000000000001 /* NotificationManager.swift in Sources */ = {isa = PBXBuildFile; fileRef = AA00010E000000000000001 /* NotificationManager.swift */; };
		AA00020F000000000000001 /* BackgroundTaskManager.swift in Sources */ = {isa = PBXBuildFile; fileRef = AA00010F000000000000001 /* BackgroundTaskManager.swift */; };
		AA000210000000000000001 /* Assets.xcassets in Resources */ = {isa = PBXBuildFile; fileRef = AA000111000000000000001 /* Assets.xcassets */; };
		AB000201000000000000001 /* ShowUpActivityAttributes.swift in Sources */ = {isa = PBXBuildFile; fileRef = AB000101000000000000001 /* ShowUpActivityAttributes.swift */; };
		AB000202000000000000001 /* LiveActivityManager.swift in Sources */ = {isa = PBXBuildFile; fileRef = AB000102000000000000001 /* LiveActivityManager.swift */; };
		AB000203000000000000001 /* ShowUpActivityAttributes.swift in Sources */ = {isa = PBXBuildFile; fileRef = AB000101000000000000001 /* ShowUpActivityAttributes.swift */; };
		AB000204000000000000001 /* ShowUpLiveActivity.swift in Sources */ = {isa = PBXBuildFile; fileRef = AB000103000000000000001 /* ShowUpLiveActivity.swift */; };
		AB000205000000000000001 /* ShowUpWidgetBundle.swift in Sources */ = {isa = PBXBuildFile; fileRef = AB000104000000000000001 /* ShowUpWidgetBundle.swift */; };
		AB000206000000000000001 /* Assets.xcassets in Resources */ = {isa = PBXBuildFile; fileRef = AB000105000000000000001 /* Assets.xcassets */; };
		AC000004000000000000001 /* ShowUpWidgetExtension.appex in Embed App Extensions */ = {isa = PBXBuildFile; fileRef = AB000107000000000000001 /* ShowUpWidgetExtension.appex */; settings = {ATTRIBUTES = (RemoveHeadersOnCopy, ); }; };
		AW000201000000000000001 /* ShowUpWatchApp.swift in Sources */ = {isa = PBXBuildFile; fileRef = AW000101000000000000001 /* ShowUpWatchApp.swift */; };
		AW000202000000000000001 /* WatchContentView.swift in Sources */ = {isa = PBXBuildFile; fileRef = AW000102000000000000001 /* WatchContentView.swift */; };
		AW000203000000000000001 /* WatchTaskRowView.swift in Sources */ = {isa = PBXBuildFile; fileRef = AW000103000000000000001 /* WatchTaskRowView.swift */; };
		AW000204000000000000001 /* WatchTaskDetailView.swift in Sources */ = {isa = PBXBuildFile; fileRef = AW000109000000000000001 /* WatchTaskDetailView.swift */; };
		AW000205000000000000001 /* WatchStore.swift in Sources */ = {isa = PBXBuildFile; fileRef = AW000104000000000000001 /* WatchStore.swift */; };
		AW000206000000000000001 /* Assets.xcassets in Resources */ = {isa = PBXBuildFile; fileRef = AW000105000000000000001 /* Assets.xcassets */; };
		AW000207000000000000001 /* WatchConnectivityManager.swift in Sources */ = {isa = PBXBuildFile; fileRef = AW000108000000000000001 /* WatchConnectivityManager.swift */; };
		AW000208000000000000001 /* ShowUpWatchApp.app in Embed Watch Content */ = {isa = PBXBuildFile; fileRef = AW000107000000000000001 /* ShowUpWatchApp.app */; settings = {ATTRIBUTES = (RemoveHeadersOnCopy, ); }; };
/* End PBXBuildFile section */

/* Begin PBXContainerItemProxy section */
		AC000001000000000000001 /* PBXContainerItemProxy */ = {
			isa = PBXContainerItemProxy;
			containerPortal = AA000001000000000000002 /* Project object */;
			proxyType = 1;
			remoteGlobalIDString = AB000003000000000000001;
			remoteInfo = ShowUpWidgetExtension;
		};
		AW000C01000000000000001 /* PBXContainerItemProxy */ = {
			isa = PBXContainerItemProxy;
			containerPortal = AA000001000000000000002 /* Project object */;
			proxyType = 1;
			remoteGlobalIDString = AW000003000000000000001;
			remoteInfo = ShowUpWatchApp;
		};
/* End PBXContainerItemProxy section */

/* Begin PBXCopyFilesBuildPhase section */
		AC000003000000000000001 /* Embed App Extensions */ = {
			isa = PBXCopyFilesBuildPhase;
			buildActionMask = 2147483647;
			dstPath = "";
			dstSubfolderSpec = 13;
			files = (
				AC000004000000000000001 /* ShowUpWidgetExtension.appex in Embed App Extensions */,
			);
			name = "Embed App Extensions";
			runOnlyForDeploymentPostprocessing = 0;
		};
		AW000013000000000000001 /* Embed Watch Content */ = {
			isa = PBXCopyFilesBuildPhase;
			buildActionMask = 2147483647;
			dstPath = "$(CONTENTS_FOLDER_PATH)/Watch";
			dstSubfolderSpec = 16;
			files = (
				AW000208000000000000001 /* ShowUpWatchApp.app in Embed Watch Content */,
			);
			name = "Embed Watch Content";
			runOnlyForDeploymentPostprocessing = 0;
		};
/* End PBXCopyFilesBuildPhase section */

/* Begin PBXFileReference section */
		AA000101000000000000001 /* ShowUpApp.swift */ = {isa = PBXFileReference; lastKnownFileType = sourcecode.swift; path = ShowUpApp.swift; sourceTree = "<group>"; };
		AA000102000000000000001 /* ShowUpTask.swift */ = {isa = PBXFileReference; lastKnownFileType = sourcecode.swift; path = ShowUpTask.swift; sourceTree = "<group>"; };
		AA000103000000000000001 /* LocationRecord.swift */ = {isa = PBXFileReference; lastKnownFileType = sourcecode.swift; path = LocationRecord.swift; sourceTree = "<group>"; };
		AA000104000000000000001 /* StreakRecord.swift */ = {isa = PBXFileReference; lastKnownFileType = sourcecode.swift; path = StreakRecord.swift; sourceTree = "<group>"; };
		AA000105000000000000001 /* ContentView.swift */ = {isa = PBXFileReference; lastKnownFileType = sourcecode.swift; path = ContentView.swift; sourceTree = "<group>"; };
		AA000106000000000000001 /* TaskListView.swift */ = {isa = PBXFileReference; lastKnownFileType = sourcecode.swift; path = TaskListView.swift; sourceTree = "<group>"; };
		AA000107000000000000001 /* AddTaskView.swift */ = {isa = PBXFileReference; lastKnownFileType = sourcecode.swift; path = AddTaskView.swift; sourceTree = "<group>"; };
		AA000108000000000000001 /* TaskDetailView.swift */ = {isa = PBXFileReference; lastKnownFileType = sourcecode.swift; path = TaskDetailView.swift; sourceTree = "<group>"; };
		AA000109000000000000001 /* MapOverviewView.swift */ = {isa = PBXFileReference; lastKnownFileType = sourcecode.swift; path = MapOverviewView.swift; sourceTree = "<group>"; };
		AA00010A000000000000001 /* HistoryView.swift */ = {isa = PBXFileReference; lastKnownFileType = sourcecode.swift; path = HistoryView.swift; sourceTree = "<group>"; };
		AA00010B000000000000001 /* SettingsView.swift */ = {isa = PBXFileReference; lastKnownFileType = sourcecode.swift; path = SettingsView.swift; sourceTree = "<group>"; };
		AA00010C000000000000001 /* TaskViewModel.swift */ = {isa = PBXFileReference; lastKnownFileType = sourcecode.swift; path = TaskViewModel.swift; sourceTree = "<group>"; };
		AA00010D000000000000001 /* LocationManager.swift */ = {isa = PBXFileReference; lastKnownFileType = sourcecode.swift; path = LocationManager.swift; sourceTree = "<group>"; };
		AA00010E000000000000001 /* NotificationManager.swift */ = {isa = PBXFileReference; lastKnownFileType = sourcecode.swift; path = NotificationManager.swift; sourceTree = "<group>"; };
		AA00010F000000000000001 /* BackgroundTaskManager.swift */ = {isa = PBXFileReference; lastKnownFileType = sourcecode.swift; path = BackgroundTaskManager.swift; sourceTree = "<group>"; };
		AA000110000000000000001 /* Info.plist */ = {isa = PBXFileReference; lastKnownFileType = text.plist.xml; path = Info.plist; sourceTree = "<group>"; };
		AA000111000000000000001 /* Assets.xcassets */ = {isa = PBXFileReference; lastKnownFileType = folder.assetcatalog; path = Assets.xcassets; sourceTree = "<group>"; };
		AA000112000000000000001 /* ShowUp.app */ = {isa = PBXFileReference; explicitFileType = wrapper.application; includeInIndex = 0; path = ShowUp.app; sourceTree = BUILT_PRODUCTS_DIR; };
		AA000113000000000000001 /* ShowUp.entitlements */ = {isa = PBXFileReference; lastKnownFileType = text.plist.entitlements; path = ShowUp.entitlements; sourceTree = "<group>"; };
		AB000101000000000000001 /* ShowUpActivityAttributes.swift */ = {isa = PBXFileReference; lastKnownFileType = sourcecode.swift; path = ShowUpActivityAttributes.swift; sourceTree = "<group>"; };
		AB000102000000000000001 /* LiveActivityManager.swift */ = {isa = PBXFileReference; lastKnownFileType = sourcecode.swift; path = LiveActivityManager.swift; sourceTree = "<group>"; };
		AB000103000000000000001 /* ShowUpLiveActivity.swift */ = {isa = PBXFileReference; lastKnownFileType = sourcecode.swift; path = ShowUpLiveActivity.swift; sourceTree = "<group>"; };
		AB000104000000000000001 /* ShowUpWidgetBundle.swift */ = {isa = PBXFileReference; lastKnownFileType = sourcecode.swift; path = ShowUpWidgetBundle.swift; sourceTree = "<group>"; };
		AB000105000000000000001 /* Assets.xcassets */ = {isa = PBXFileReference; lastKnownFileType = folder.assetcatalog; path = Assets.xcassets; sourceTree = "<group>"; };
		AB000106000000000000001 /* Info.plist */ = {isa = PBXFileReference; lastKnownFileType = text.plist.xml; path = Info.plist; sourceTree = "<group>"; };
		AB000107000000000000001 /* ShowUpWidgetExtension.appex */ = {isa = PBXFileReference; explicitFileType = "wrapper.app-extension"; includeInIndex = 0; path = ShowUpWidgetExtension.appex; sourceTree = BUILT_PRODUCTS_DIR; };
		AW000101000000000000001 /* ShowUpWatchApp.swift */ = {isa = PBXFileReference; lastKnownFileType = sourcecode.swift; path = ShowUpWatchApp.swift; sourceTree = "<group>"; };
		AW000102000000000000001 /* WatchContentView.swift */ = {isa = PBXFileReference; lastKnownFileType = sourcecode.swift; path = WatchContentView.swift; sourceTree = "<group>"; };
		AW000103000000000000001 /* WatchTaskRowView.swift */ = {isa = PBXFileReference; lastKnownFileType = sourcecode.swift; path = WatchTaskRowView.swift; sourceTree = "<group>"; };
		AW000104000000000000001 /* WatchStore.swift */ = {isa = PBXFileReference; lastKnownFileType = sourcecode.swift; path = WatchStore.swift; sourceTree = "<group>"; };
		AW000105000000000000001 /* Assets.xcassets */ = {isa = PBXFileReference; lastKnownFileType = folder.assetcatalog; path = Assets.xcassets; sourceTree = "<group>"; };
		AW000106000000000000001 /* Info.plist */ = {isa = PBXFileReference; lastKnownFileType = text.plist.xml; path = Info.plist; sourceTree = "<group>"; };
		AW000107000000000000001 /* ShowUpWatchApp.app */ = {isa = PBXFileReference; explicitFileType = wrapper.application; includeInIndex = 0; path = ShowUpWatchApp.app; sourceTree = BUILT_PRODUCTS_DIR; };
		AW000108000000000000001 /* WatchConnectivityManager.swift */ = {isa = PBXFileReference; lastKnownFileType = sourcecode.swift; path = WatchConnectivityManager.swift; sourceTree = "<group>"; };
		AW000109000000000000001 /* WatchTaskDetailView.swift */ = {isa = PBXFileReference; lastKnownFileType = sourcecode.swift; path = WatchTaskDetailView.swift; sourceTree = "<group>"; };
/* End PBXFileReference section */

/* Begin PBXFrameworksBuildPhase section */
		AA000011000000000000001 /* Frameworks */ = {
			isa = PBXFrameworksBuildPhase;
			buildActionMask = 2147483647;
			files = (
			);
			runOnlyForDeploymentPostprocessing = 0;
		};
		AB000011000000000000001 /* Frameworks */ = {
			isa = PBXFrameworksBuildPhase;
			buildActionMask = 2147483647;
			files = (
			);
			runOnlyForDeploymentPostprocessing = 0;
		};
		AW000011000000000000001 /* Frameworks */ = {
			isa = PBXFrameworksBuildPhase;
			buildActionMask = 2147483647;
			files = (
			);
			runOnlyForDeploymentPostprocessing = 0;
		};
/* End PBXFrameworksBuildPhase section */

/* Begin PBXGroup section */
		AA000001000000000000001 = {
			isa = PBXGroup;
			children = (
				AA000009000000000000001 /* ShowUp */,
				AB000009000000000000001 /* ShowUpWidgetExtension */,
				AW000009000000000000001 /* ShowUpWatchApp */,
				AA00000F000000000000001 /* Products */,
			);
			sourceTree = "<group>";
		};
		AA000009000000000000001 /* ShowUp */ = {
			isa = PBXGroup;
			children = (
				AA000101000000000000001 /* ShowUpApp.swift */,
				AB000101000000000000001 /* ShowUpActivityAttributes.swift */,
				AA000113000000000000001 /* ShowUp.entitlements */,
				AA000110000000000000001 /* Info.plist */,
				AA000111000000000000001 /* Assets.xcassets */,
				AA00000B000000000000001 /* Models */,
				AA00000C000000000000001 /* Views */,
				AA00000D000000000000001 /* ViewModels */,
				AA00000E000000000000001 /* Managers */,
			);
			path = ShowUp;
			sourceTree = "<group>";
		};
		AA00000B000000000000001 /* Models */ = {
			isa = PBXGroup;
			children = (
				AA000102000000000000001 /* ShowUpTask.swift */,
				AA000103000000000000001 /* LocationRecord.swift */,
				AA000104000000000000001 /* StreakRecord.swift */,
			);
			path = Models;
			sourceTree = "<group>";
		};
		AA00000C000000000000001 /* Views */ = {
			isa = PBXGroup;
			children = (
				AA000105000000000000001 /* ContentView.swift */,
				AA000106000000000000001 /* TaskListView.swift */,
				AA000107000000000000001 /* AddTaskView.swift */,
				AA000108000000000000001 /* TaskDetailView.swift */,
				AA000109000000000000001 /* MapOverviewView.swift */,
				AA00010A000000000000001 /* HistoryView.swift */,
				AA00010B000000000000001 /* SettingsView.swift */,
			);
			path = Views;
			sourceTree = "<group>";
		};
		AA00000D000000000000001 /* ViewModels */ = {
			isa = PBXGroup;
			children = (
				AA00010C000000000000001 /* TaskViewModel.swift */,
			);
			path = ViewModels;
			sourceTree = "<group>";
		};
		AA00000E000000000000001 /* Managers */ = {
			isa = PBXGroup;
			children = (
				AA00010D000000000000001 /* LocationManager.swift */,
				AA00010E000000000000001 /* NotificationManager.swift */,
				AA00010F000000000000001 /* BackgroundTaskManager.swift */,
				AB000102000000000000001 /* LiveActivityManager.swift */,
				AW000108000000000000001 /* WatchConnectivityManager.swift */,
			);
			path = Managers;
			sourceTree = "<group>";
		};
		AA00000F000000000000001 /* Products */ = {
			isa = PBXGroup;
			children = (
				AA000112000000000000001 /* ShowUp.app */,
				AB000107000000000000001 /* ShowUpWidgetExtension.appex */,
				AW000107000000000000001 /* ShowUpWatchApp.app */,
			);
			name = Products;
			sourceTree = "<group>";
		};
		AB000009000000000000001 /* ShowUpWidgetExtension */ = {
			isa = PBXGroup;
			children = (
				AB000103000000000000001 /* ShowUpLiveActivity.swift */,
				AB000104000000000000001 /* ShowUpWidgetBundle.swift */,
				AB000105000000000000001 /* Assets.xcassets */,
				AB000106000000000000001 /* Info.plist */,
			);
			path = ShowUpWidgetExtension;
			sourceTree = "<group>";
		};
		AW000009000000000000001 /* ShowUpWatchApp */ = {
			isa = PBXGroup;
			children = (
				AW000101000000000000001 /* ShowUpWatchApp.swift */,
				AW000102000000000000001 /* WatchContentView.swift */,
				AW000103000000000000001 /* WatchTaskRowView.swift */,
				AW000104000000000000001 /* WatchStore.swift */,
				AW000109000000000000001 /* WatchTaskDetailView.swift */,
				AW000105000000000000001 /* Assets.xcassets */,
				AW000106000000000000001 /* Info.plist */,
			);
			path = ShowUpWatchApp;
			sourceTree = "<group>";
		};
/* End PBXGroup section */

/* Begin PBXNativeTarget section */
		AA000003000000000000001 /* ShowUp */ = {
			isa = PBXNativeTarget;
			buildConfigurationList = AA000004000000000000001 /* Build configuration list for PBXNativeTarget "ShowUp" */;
			buildPhases = (
				AA000010000000000000001 /* Sources */,
				AA000011000000000000001 /* Frameworks */,
				AA000012000000000000001 /* Resources */,
				AC000003000000000000001 /* Embed App Extensions */,
				AW000013000000000000001 /* Embed Watch Content */,
			);
			buildRules = (
			);
			dependencies = (
				AC000002000000000000001 /* PBXTargetDependency */,
				AW000C02000000000000001 /* PBXTargetDependency */,
			);
			name = ShowUp;
			productName = ShowUp;
			productReference = AA000112000000000000001 /* ShowUp.app */;
			productType = "com.apple.product-type.application";
		};
		AB000003000000000000001 /* ShowUpWidgetExtension */ = {
			isa = PBXNativeTarget;
			buildConfigurationList = AB000004000000000000001 /* Build configuration list for PBXNativeTarget "ShowUpWidgetExtension" */;
			buildPhases = (
				AB000010000000000000001 /* Sources */,
				AB000011000000000000001 /* Frameworks */,
				AB000012000000000000001 /* Resources */,
			);
			buildRules = (
			);
			dependencies = (
			);
			name = ShowUpWidgetExtension;
			productName = ShowUpWidgetExtension;
			productReference = AB000107000000000000001 /* ShowUpWidgetExtension.appex */;
			productType = "com.apple.product-type.app-extension";
		};
		AW000003000000000000001 /* ShowUpWatchApp */ = {
			isa = PBXNativeTarget;
			buildConfigurationList = AW000004000000000000001 /* Build configuration list for PBXNativeTarget "ShowUpWatchApp" */;
			buildPhases = (
				AW000010000000000000001 /* Sources */,
				AW000011000000000000001 /* Frameworks */,
				AW000012000000000000001 /* Resources */,
			);
			buildRules = (
			);
			dependencies = (
			);
			name = ShowUpWatchApp;
			productName = ShowUpWatchApp;
			productReference = AW000107000000000000001 /* ShowUpWatchApp.app */;
			productType = "com.apple.product-type.application";
		};
/* End PBXNativeTarget section */

/* Begin PBXProject section */
		AA000001000000000000002 /* Project object */ = {
			isa = PBXProject;
			attributes = {
				BuildIndependentTargetsInParallel = 1;
				LastSwiftUpdateCheck = 1500;
				LastUpgradeCheck = 1500;
				TargetAttributes = {
					AA000003000000000000001 = {
						CreatedOnToolsVersion = 15.0;
					};
					AB000003000000000000001 = {
						CreatedOnToolsVersion = 15.0;
					};
					AW000003000000000000001 = {
						CreatedOnToolsVersion = 15.0;
					};
				};
			};
			buildConfigurationList = AA000002000000000000001 /* Build configuration list for PBXProject "ShowUp" */;
			compatibilityVersion = "Xcode 14.0";
			developmentRegion = en;
			hasScannedForEncodings = 0;
			knownRegions = (
				en,
				Base,
			);
			mainGroup = AA000001000000000000001;
			productRefGroup = AA00000F000000000000001 /* Products */;
			projectDirPath = "";
			projectRoot = "";
			targets = (
				AA000003000000000000001 /* ShowUp */,
				AB000003000000000000001 /* ShowUpWidgetExtension */,
				AW000003000000000000001 /* ShowUpWatchApp */,
			);
		};
/* End PBXProject section */

/* Begin PBXResourcesBuildPhase section */
		AA000012000000000000001 /* Resources */ = {
			isa = PBXResourcesBuildPhase;
			buildActionMask = 2147483647;
			files = (
				AA000210000000000000001 /* Assets.xcassets in Resources */,
			);
			runOnlyForDeploymentPostprocessing = 0;
		};
		AB000012000000000000001 /* Resources */ = {
			isa = PBXResourcesBuildPhase;
			buildActionMask = 2147483647;
			files = (
				AB000206000000000000001 /* Assets.xcassets in Resources */,
			);
			runOnlyForDeploymentPostprocessing = 0;
		};
		AW000012000000000000001 /* Resources */ = {
			isa = PBXResourcesBuildPhase;
			buildActionMask = 2147483647;
			files = (
				AW000206000000000000001 /* Assets.xcassets in Resources */,
			);
			runOnlyForDeploymentPostprocessing = 0;
		};
/* End PBXResourcesBuildPhase section */

/* Begin PBXSourcesBuildPhase section */
		AA000010000000000000001 /* Sources */ = {
			isa = PBXSourcesBuildPhase;
			buildActionMask = 2147483647;
			files = (
				AA000201000000000000001 /* ShowUpApp.swift in Sources */,
				AA000202000000000000001 /* ShowUpTask.swift in Sources */,
				AA000203000000000000001 /* LocationRecord.swift in Sources */,
				AA000204000000000000001 /* StreakRecord.swift in Sources */,
				AA000205000000000000001 /* ContentView.swift in Sources */,
				AA000206000000000000001 /* TaskListView.swift in Sources */,
				AA000207000000000000001 /* AddTaskView.swift in Sources */,
				AA000208000000000000001 /* TaskDetailView.swift in Sources */,
				AA000209000000000000001 /* MapOverviewView.swift in Sources */,
				AA00020A000000000000001 /* HistoryView.swift in Sources */,
				AA00020B000000000000001 /* SettingsView.swift in Sources */,
				AA00020C000000000000001 /* TaskViewModel.swift in Sources */,
				AA00020D000000000000001 /* LocationManager.swift in Sources */,
				AA00020E000000000000001 /* NotificationManager.swift in Sources */,
				AA00020F000000000000001 /* BackgroundTaskManager.swift in Sources */,
				AB000201000000000000001 /* ShowUpActivityAttributes.swift in Sources */,
				AB000202000000000000001 /* LiveActivityManager.swift in Sources */,
				AW000207000000000000001 /* WatchConnectivityManager.swift in Sources */,
			);
			runOnlyForDeploymentPostprocessing = 0;
		};
		AB000010000000000000001 /* Sources */ = {
			isa = PBXSourcesBuildPhase;
			buildActionMask = 2147483647;
			files = (
				AB000203000000000000001 /* ShowUpActivityAttributes.swift in Sources */,
				AB000204000000000000001 /* ShowUpLiveActivity.swift in Sources */,
				AB000205000000000000001 /* ShowUpWidgetBundle.swift in Sources */,
			);
			runOnlyForDeploymentPostprocessing = 0;
		};
		AW000010000000000000001 /* Sources */ = {
			isa = PBXSourcesBuildPhase;
			buildActionMask = 2147483647;
			files = (
				AW000201000000000000001 /* ShowUpWatchApp.swift in Sources */,
				AW000202000000000000001 /* WatchContentView.swift in Sources */,
				AW000203000000000000001 /* WatchTaskRowView.swift in Sources */,
				AW000204000000000000001 /* WatchTaskDetailView.swift in Sources */,
				AW000205000000000000001 /* WatchStore.swift in Sources */,
			);
			runOnlyForDeploymentPostprocessing = 0;
		};
/* End PBXSourcesBuildPhase section */

/* Begin PBXTargetDependency section */
		AC000002000000000000001 /* PBXTargetDependency */ = {
			isa = PBXTargetDependency;
			target = AB000003000000000000001 /* ShowUpWidgetExtension */;
			targetProxy = AC000001000000000000001 /* PBXContainerItemProxy */;
		};
		AW000C02000000000000001 /* PBXTargetDependency */ = {
			isa = PBXTargetDependency;
			target = AW000003000000000000001 /* ShowUpWatchApp */;
			targetProxy = AW000C01000000000000001 /* PBXContainerItemProxy */;
		};
/* End PBXTargetDependency section */

/* Begin XCBuildConfiguration section */
		AA000005000000000000001 /* Debug */ = {
			isa = XCBuildConfiguration;
			buildSettings = {
				ALWAYS_SEARCH_USER_PATHS = NO;
				ASSETCATALOG_COMPILER_GENERATE_SWIFT_ASSET_SYMBOL_EXTENSIONS = YES;
				CLANG_ANALYZER_NONNULL = YES;
				CLANG_ANALYZER_NUMBER_OBJECT_CONVERSION = YES_AGGRESSIVE;
				CLANG_CXX_LANGUAGE_STANDARD = "gnu++20";
				CLANG_ENABLE_MODULES = YES;
				CLANG_ENABLE_OBJC_ARC = YES;
				CLANG_ENABLE_OBJC_WEAK = YES;
				CLANG_WARN_BLOCK_CAPTURE_AUTORELEASING = YES;
				CLANG_WARN_BOOL_CONVERSION = YES;
				CLANG_WARN_COMMA = YES;
				CLANG_WARN_CONSTANT_CONVERSION = YES;
				CLANG_WARN_DEPRECATED_OBJC_IMPLEMENTATIONS = YES;
				CLANG_WARN_DIRECT_OBJC_ISA_USAGE = YES_ERROR;
				CLANG_WARN_DOCUMENTATION_COMMENTS = YES;
				CLANG_WARN_EMPTY_BODY = YES;
				CLANG_WARN_ENUM_CONVERSION = YES;
				CLANG_WARN_INFINITE_RECURSION = YES;
				CLANG_WARN_INT_CONVERSION = YES;
				CLANG_WARN_NON_LITERAL_NULL_CONVERSION = YES;
				CLANG_WARN_OBJC_IMPLICIT_RETAIN_CYCLE = YES;
				CLANG_WARN_OBJC_LITERAL_CONVERSION = YES;
				CLANG_WARN_OBJC_ROOT_CLASS = YES_ERROR;
				CLANG_WARN_QUOTED_INCLUDE_IN_FRAMEWORK_HEADER = YES;
				CLANG_WARN_RANGE_LOOP_ANALYSIS = YES;
				CLANG_WARN_STRICT_PROTOTYPES = YES;
				CLANG_WARN_SUSPICIOUS_MOVE = YES;
				CLANG_WARN_UNGUARDED_AVAILABILITY = YES_AGGRESSIVE;
				CLANG_WARN_UNREACHABLE_CODE = YES;
				CLANG_WARN__DUPLICATE_METHOD_MATCH = YES;
				COPY_PHASE_STRIP = NO;
				DEBUG_INFORMATION_FORMAT = dwarf;
				ENABLE_STRICT_OBJC_MSGSEND = YES;
				ENABLE_TESTABILITY = YES;
				ENABLE_USER_SCRIPT_SANDBOXING = YES;
				GCC_C_LANGUAGE_STANDARD = gnu17;
				GCC_DYNAMIC_NO_PIC = NO;
				GCC_NO_COMMON_BLOCKS = YES;
				GCC_OPTIMIZATION_LEVEL = 0;
				GCC_PREPROCESSOR_DEFINITIONS = (
					"DEBUG=1",
					"$(inherited)",
				);
				GCC_WARN_64_TO_32_BIT_CONVERSION = YES;
				GCC_WARN_ABOUT_RETURN_TYPE = YES_ERROR;
				GCC_WARN_UNDECLARED_SELECTOR = YES;
				GCC_WARN_UNINITIALIZED_AUTOS = YES_AGGRESSIVE;
				GCC_WARN_UNUSED_FUNCTION = YES;
				GCC_WARN_UNUSED_VARIABLE = YES;
				IPHONEOS_DEPLOYMENT_TARGET = 17.0;
				MTL_ENABLE_DEBUG_INFO = INCLUDE_SOURCE;
				MTL_FAST_MATH = YES;
				ONLY_ACTIVE_ARCH = YES;
				SDKROOT = iphoneos;
				SWIFT_ACTIVE_COMPILATION_CONDITIONS = "DEBUG $(inherited)";
				SWIFT_OPTIMIZATION_LEVEL = "-Onone";
			};
			name = Debug;
		};
		AA000006000000000000001 /* Release */ = {
			isa = XCBuildConfiguration;
			buildSettings = {
				ALWAYS_SEARCH_USER_PATHS = NO;
				ASSETCATALOG_COMPILER_GENERATE_SWIFT_ASSET_SYMBOL_EXTENSIONS = YES;
				CLANG_ANALYZER_NONNULL = YES;
				CLANG_ANALYZER_NUMBER_OBJECT_CONVERSION = YES_AGGRESSIVE;
				CLANG_CXX_LANGUAGE_STANDARD = "gnu++20";
				CLANG_ENABLE_MODULES = YES;
				CLANG_ENABLE_OBJC_ARC = YES;
				CLANG_ENABLE_OBJC_WEAK = YES;
				CLANG_WARN_BLOCK_CAPTURE_AUTORELEASING = YES;
				CLANG_WARN_BOOL_CONVERSION = YES;
				CLANG_WARN_COMMA = YES;
				CLANG_WARN_CONSTANT_CONVERSION = YES;
				CLANG_WARN_DEPRECATED_OBJC_IMPLEMENTATIONS = YES;
				CLANG_WARN_DIRECT_OBJC_ISA_USAGE = YES_ERROR;
				CLANG_WARN_DOCUMENTATION_COMMENTS = YES;
				CLANG_WARN_EMPTY_BODY = YES;
				CLANG_WARN_ENUM_CONVERSION = YES;
				CLANG_WARN_INFINITE_RECURSION = YES;
				CLANG_WARN_INT_CONVERSION = YES;
				CLANG_WARN_NON_LITERAL_NULL_CONVERSION = YES;
				CLANG_WARN_OBJC_IMPLICIT_RETAIN_CYCLE = YES;
				CLANG_WARN_OBJC_LITERAL_CONVERSION = YES;
				CLANG_WARN_OBJC_ROOT_CLASS = YES_ERROR;
				CLANG_WARN_QUOTED_INCLUDE_IN_FRAMEWORK_HEADER = YES;
				CLANG_WARN_RANGE_LOOP_ANALYSIS = YES;
				CLANG_WARN_STRICT_PROTOTYPES = YES;
				CLANG_WARN_SUSPICIOUS_MOVE = YES;
				CLANG_WARN_UNGUARDED_AVAILABILITY = YES_AGGRESSIVE;
				CLANG_WARN_UNREACHABLE_CODE = YES;
				CLANG_WARN__DUPLICATE_METHOD_MATCH = YES;
				COPY_PHASE_STRIP = NO;
				DEBUG_INFORMATION_FORMAT = "dwarf-with-dsym";
				ENABLE_NS_ASSERTIONS = NO;
				ENABLE_STRICT_OBJC_MSGSEND = YES;
				ENABLE_USER_SCRIPT_SANDBOXING = YES;
				GCC_C_LANGUAGE_STANDARD = gnu17;
				GCC_NO_COMMON_BLOCKS = YES;
				GCC_WARN_64_TO_32_BIT_CONVERSION = YES;
				GCC_WARN_ABOUT_RETURN_TYPE = YES_ERROR;
				GCC_WARN_UNDECLARED_SELECTOR = YES;
				GCC_WARN_UNINITIALIZED_AUTOS = YES_AGGRESSIVE;
				GCC_WARN_UNUSED_FUNCTION = YES;
				GCC_WARN_UNUSED_VARIABLE = YES;
				IPHONEOS_DEPLOYMENT_TARGET = 17.0;
				MTL_FAST_MATH = YES;
				SDKROOT = iphoneos;
				SWIFT_COMPILATION_MODE = wholemodule;
				VALIDATE_PRODUCT = YES;
			};
			name = Release;
		};
		AA000007000000000000001 /* Debug */ = {
			isa = XCBuildConfiguration;
			buildSettings = {
				ASSETCATALOG_COMPILER_APPICON_NAME = AppIcon;
				ASSETCATALOG_COMPILER_GLOBAL_ACCENT_COLOR_NAME = AccentColor;
				CODE_SIGN_ENTITLEMENTS = ShowUp/ShowUp.entitlements;
				CODE_SIGN_STYLE = Automatic;
				CURRENT_PROJECT_VERSION = 1;
				DEVELOPMENT_ASSET_PATHS = "";
				DEVELOPMENT_TEAM = CA796SNXDK;
				ENABLE_PREVIEWS = YES;
				GENERATE_INFOPLIST_FILE = NO;
				INFOPLIST_FILE = ShowUp/Info.plist;
				IPHONEOS_DEPLOYMENT_TARGET = 17.0;
				LD_RUNPATH_SEARCH_PATHS = (
					"$(inherited)",
					"@executable_path/Frameworks",
				);
				MARKETING_VERSION = 1.0.1;
				PRODUCT_BUNDLE_IDENTIFIER = com.rahilmehta.showup;
				PRODUCT_NAME = "$(TARGET_NAME)";
				SWIFT_EMIT_LOC_STRINGS = YES;
				SWIFT_VERSION = 5.0;
				TARGETED_DEVICE_FAMILY = 1;
			};
			name = Debug;
		};
		AA000008000000000000001 /* Release */ = {
			isa = XCBuildConfiguration;
			buildSettings = {
				ASSETCATALOG_COMPILER_APPICON_NAME = AppIcon;
				ASSETCATALOG_COMPILER_GLOBAL_ACCENT_COLOR_NAME = AccentColor;
				CODE_SIGN_ENTITLEMENTS = ShowUp/ShowUp.entitlements;
				CODE_SIGN_STYLE = Automatic;
				CURRENT_PROJECT_VERSION = 1;
				DEVELOPMENT_ASSET_PATHS = "";
				DEVELOPMENT_TEAM = CA796SNXDK;
				ENABLE_PREVIEWS = YES;
				GENERATE_INFOPLIST_FILE = NO;
				INFOPLIST_FILE = ShowUp/Info.plist;
				IPHONEOS_DEPLOYMENT_TARGET = 17.0;
				LD_RUNPATH_SEARCH_PATHS = (
					"$(inherited)",
					"@executable_path/Frameworks",
				);
				MARKETING_VERSION = 1.0.1;
				PRODUCT_BUNDLE_IDENTIFIER = com.rahilmehta.showup;
				PRODUCT_NAME = "$(TARGET_NAME)";
				SWIFT_EMIT_LOC_STRINGS = YES;
				SWIFT_VERSION = 5.0;
				TARGETED_DEVICE_FAMILY = 1;
			};
			name = Release;
		};
		AB000007000000000000001 /* Debug */ = {
			isa = XCBuildConfiguration;
			buildSettings = {
				ASSETCATALOG_COMPILER_GLOBAL_ACCENT_COLOR_NAME = AccentColor;
				CODE_SIGN_STYLE = Automatic;
				CURRENT_PROJECT_VERSION = 1;
				DEVELOPMENT_TEAM = CA796SNXDK;
				GENERATE_INFOPLIST_FILE = NO;
				INFOPLIST_FILE = ShowUpWidgetExtension/Info.plist;
				IPHONEOS_DEPLOYMENT_TARGET = 17.0;
				LD_RUNPATH_SEARCH_PATHS = (
					"$(inherited)",
					"@executable_path/Frameworks",
					"@executable_path/../../Frameworks",
				);
				MARKETING_VERSION = 1.0;
				PRODUCT_BUNDLE_IDENTIFIER = com.rahilmehta.showup.widgetextension;
				PRODUCT_NAME = "$(TARGET_NAME)";
				SKIP_INSTALL = YES;
				SWIFT_EMIT_LOC_STRINGS = YES;
				SWIFT_VERSION = 5.0;
				TARGETED_DEVICE_FAMILY = 1;
			};
			name = Debug;
		};
		AB000008000000000000001 /* Release */ = {
			isa = XCBuildConfiguration;
			buildSettings = {
				ASSETCATALOG_COMPILER_GLOBAL_ACCENT_COLOR_NAME = AccentColor;
				CODE_SIGN_STYLE = Automatic;
				CURRENT_PROJECT_VERSION = 1;
				DEVELOPMENT_TEAM = CA796SNXDK;
				GENERATE_INFOPLIST_FILE = NO;
				INFOPLIST_FILE = ShowUpWidgetExtension/Info.plist;
				IPHONEOS_DEPLOYMENT_TARGET = 17.0;
				LD_RUNPATH_SEARCH_PATHS = (
					"$(inherited)",
					"@executable_path/Frameworks",
					"@executable_path/../../Frameworks",
				);
				MARKETING_VERSION = 1.0;
				PRODUCT_BUNDLE_IDENTIFIER = com.rahilmehta.showup.widgetextension;
				PRODUCT_NAME = "$(TARGET_NAME)";
				SKIP_INSTALL = YES;
				SWIFT_EMIT_LOC_STRINGS = YES;
				SWIFT_VERSION = 5.0;
				TARGETED_DEVICE_FAMILY = 1;
			};
			name = Release;
		};
		AW000007000000000000001 /* Debug */ = {
			isa = XCBuildConfiguration;
			buildSettings = {
				ALWAYS_EMBED_SWIFT_STANDARD_LIBRARIES = YES;
				ASSETCATALOG_COMPILER_APPICON_NAME = AppIcon;
				ASSETCATALOG_COMPILER_GLOBAL_ACCENT_COLOR_NAME = AccentColor;
				CODE_SIGN_STYLE = Automatic;
				CURRENT_PROJECT_VERSION = 1;
				DEVELOPMENT_TEAM = CA796SNXDK;
				GENERATE_INFOPLIST_FILE = NO;
				INFOPLIST_FILE = ShowUpWatchApp/Info.plist;
				LD_RUNPATH_SEARCH_PATHS = (
					"$(inherited)",
					"@executable_path/Frameworks",
				);
				MARKETING_VERSION = 1.0;
				PRODUCT_BUNDLE_IDENTIFIER = com.rahilmehta.showup.watchkitapp;
				PRODUCT_NAME = "$(TARGET_NAME)";
				SDKROOT = watchos;
				SWIFT_EMIT_LOC_STRINGS = YES;
				SWIFT_VERSION = 5.0;
				TARGETED_DEVICE_FAMILY = 4;
				WATCHOS_DEPLOYMENT_TARGET = 7.0;
			};
			name = Debug;
		};
		AW000008000000000000001 /* Release */ = {
			isa = XCBuildConfiguration;
			buildSettings = {
				ALWAYS_EMBED_SWIFT_STANDARD_LIBRARIES = YES;
				ASSETCATALOG_COMPILER_APPICON_NAME = AppIcon;
				ASSETCATALOG_COMPILER_GLOBAL_ACCENT_COLOR_NAME = AccentColor;
				CODE_SIGN_STYLE = Automatic;
				CURRENT_PROJECT_VERSION = 1;
				DEVELOPMENT_TEAM = CA796SNXDK;
				GENERATE_INFOPLIST_FILE = NO;
				INFOPLIST_FILE = ShowUpWatchApp/Info.plist;
				LD_RUNPATH_SEARCH_PATHS = (
					"$(inherited)",
					"@executable_path/Frameworks",
				);
				MARKETING_VERSION = 1.0;
				PRODUCT_BUNDLE_IDENTIFIER = com.rahilmehta.showup.watchkitapp;
				PRODUCT_NAME = "$(TARGET_NAME)";
				SDKROOT = watchos;
				SWIFT_EMIT_LOC_STRINGS = YES;
				SWIFT_VERSION = 5.0;
				TARGETED_DEVICE_FAMILY = 4;
				WATCHOS_DEPLOYMENT_TARGET = 7.0;
			};
			name = Release;
		};
/* End XCBuildConfiguration section */

/* Begin XCConfigurationList section */
		AA000002000000000000001 /* Build configuration list for PBXProject "ShowUp" */ = {
			isa = XCConfigurationList;
			buildConfigurations = (
				AA000005000000000000001 /* Debug */,
				AA000006000000000000001 /* Release */,
			);
			defaultConfigurationIsVisible = 0;
			defaultConfigurationName = Release;
		};
		AA000004000000000000001 /* Build configuration list for PBXNativeTarget "ShowUp" */ = {
			isa = XCConfigurationList;
			buildConfigurations = (
				AA000007000000000000001 /* Debug */,
				AA000008000000000000001 /* Release */,
			);
			defaultConfigurationIsVisible = 0;
			defaultConfigurationName = Release;
		};
		AB000004000000000000001 /* Build configuration list for PBXNativeTarget "ShowUpWidgetExtension" */ = {
			isa = XCConfigurationList;
			buildConfigurations = (
				AB000007000000000000001 /* Debug */,
				AB000008000000000000001 /* Release */,
			);
			defaultConfigurationIsVisible = 0;
			defaultConfigurationName = Release;
		};
		AW000004000000000000001 /* Build configuration list for PBXNativeTarget "ShowUpWatchApp" */ = {
			isa = XCConfigurationList;
			buildConfigurations = (
				AW000007000000000000001 /* Debug */,
				AW000008000000000000001 /* Release */,
			);
			defaultConfigurationIsVisible = 0;
			defaultConfigurationName = Release;
		};
/* End XCConfigurationList section */
	};
	rootObject = AA000001000000000000002 /* Project object */;
}
